
Microsoft Visual Studio Solution File, Format Version 12.00
# Visual Studio 15
VisualStudioVersion = 15.0.27703.2035
MinimumVisualStudioVersion = 10.0.40219.1
Project("{FAE04EC0-301F-11D3-BF4B-00C04F79EFBC}") = "ClientTest", "ClientTest\ClientTest.csproj", "{BF0C5F9C-3D92-46C9-95A5-DA685661D394}"
EndProject
Global
	GlobalSection(SolutionConfigurationPlatforms) = preSolution
		Debug|Any CPU = Debug|Any CPU
		Release|Any CPU = Release|Any CPU
	EndGlobalSection
	GlobalSection(ProjectConfigurationPlatforms) = postSolution
		{BF0C5F9C-3D92-46C9-95A5-DA685661D394}.Debug|Any CPU.ActiveCfg = Debug|Any CPU
		{BF0C5F9C-3D92-46C9-95A5-DA685661D394}.Debug|Any CPU.Build.0 = Debug|Any CPU
		{BF0C5F9C-3D92-46C9-95A5-DA685661D394}.Release|Any CPU.ActiveCfg = Release|Any CPU
		{BF0C5F9C-3D92-46C9-95A5-DA685661D394}.Release|Any CPU.Build.0 = Release|Any CPU
	EndGlobalSection
	GlobalSection(SolutionProperties) = preSolution
		HideSolutionNode = FALSE
	EndGlobalSection
	GlobalSection(ExtensibilityGlobals) = postSolution
		SolutionGuid = {AAD12DDE-E222-4FF2-86D9-5F35ABDB15EE}
	EndGlobalSection
EndGlobal
